
Microsoft Visual Studio Solution File, Format Version 12.00
# Visual Studio Version 16
VisualStudioVersion = 16.0.30114.105
MinimumVisualStudioVersion = 10.0.40219.1
Project("{FAE04EC0-301F-11D3-BF4B-00C04F79EFBC}") = "BioSim", "BioSim\BioSim.csproj", "{A5377BF6-FC39-4C72-88B4-DDB12CE5A47B}"
EndProject
Project("{FAE04EC0-301F-11D3-BF4B-00C04F79EFBC}") = "biosimtests", "..\tests\biosimtests\biosimtests.csproj", "{5D5BC0C2-76AE-4918-A74A-6673E970695A}"
EndProject
Global
	GlobalSection(SolutionConfigurationPlatforms) = preSolution
		Debug|Any CPU = Debug|Any CPU
		Release|Any CPU = Release|Any CPU
	EndGlobalSection
	GlobalSection(SolutionProperties) = preSolution
		HideSolutionNode = FALSE
	EndGlobalSection
	GlobalSection(ProjectConfigurationPlatforms) = postSolution
		{A5377BF6-FC39-4C72-88B4-DDB12CE5A47B}.Debug|Any CPU.ActiveCfg = Debug|Any CPU
		{A5377BF6-FC39-4C72-88B4-DDB12CE5A47B}.Debug|Any CPU.Build.0 = Debug|Any CPU
		{A5377BF6-FC39-4C72-88B4-DDB12CE5A47B}.Release|Any CPU.ActiveCfg = Release|Any CPU
		{A5377BF6-FC39-4C72-88B4-DDB12CE5A47B}.Release|Any CPU.Build.0 = Release|Any CPU
		{5D5BC0C2-76AE-4918-A74A-6673E970695A}.Debug|Any CPU.ActiveCfg = Debug|Any CPU
		{5D5BC0C2-76AE-4918-A74A-6673E970695A}.Debug|Any CPU.Build.0 = Debug|Any CPU
		{5D5BC0C2-76AE-4918-A74A-6673E970695A}.Release|Any CPU.ActiveCfg = Release|Any CPU
		{5D5BC0C2-76AE-4918-A74A-6673E970695A}.Release|Any CPU.Build.0 = Release|Any CPU
	EndGlobalSection
EndGlobal
